
Microsoft Visual Studio Solution File, Format Version 12.00
# Visual Studio Version 17
VisualStudioVersion = 17.8.34511.84
MinimumVisualStudioVersion = 10.0.40219.1
Project("{FAE04EC0-301F-11D3-BF4B-00C04F79EFBC}") = "StudentsManagementApi", "StudentsManagementApi\StudentsManagementApi.csproj", "{8436A8A9-ABEE-4B06-ADD0-B828757A0E98}"
EndProject
Global
	GlobalSection(SolutionConfigurationPlatforms) = preSolution
		Debug|Any CPU = Debug|Any CPU
		Release|Any CPU = Release|Any CPU
	EndGlobalSection
	GlobalSection(ProjectConfigurationPlatforms) = postSolution
		{8436A8A9-ABEE-4B06-ADD0-B828757A0E98}.Debug|Any CPU.ActiveCfg = Debug|Any CPU
		{8436A8A9-ABEE-4B06-ADD0-B828757A0E98}.Debug|Any CPU.Build.0 = Debug|Any CPU
		{8436A8A9-ABEE-4B06-ADD0-B828757A0E98}.Release|Any CPU.ActiveCfg = Release|Any CPU
		{8436A8A9-ABEE-4B06-ADD0-B828757A0E98}.Release|Any CPU.Build.0 = Release|Any CPU
	EndGlobalSection
	GlobalSection(SolutionProperties) = preSolution
		HideSolutionNode = FALSE
	EndGlobalSection
	GlobalSection(ExtensibilityGlobals) = postSolution
		SolutionGuid = {A3533B3C-7947-41E6-8E43-BCC8E1BDAF4E}
	EndGlobalSection
EndGlobal
